// !$*UTF8*$!
{
	archiveVersion = 1;
	classes = {
	};
	objectVersion = 56;
	objects = {

/* Begin PBXBuildFile section */
		0F2969DC298164B3008EFB5D /* Anti_Social_Business_ClubApp.swift in Sources */ = {isa = PBXBuildFile; fileRef = 0F2969DB298164B3008EFB5D /* Anti_Social_Business_ClubApp.swift */; };
		0F2969DE298164B3008EFB5D /* ContentView.swift in Sources */ = {isa = PBXBuildFile; fileRef = 0F2969DD298164B3008EFB5D /* ContentView.swift */; };
		0F2969E0298164B4008EFB5D /* Assets.xcassets in Resources */ = {isa = PBXBuildFile; fileRef = 0F2969DF298164B4008EFB5D /* Assets.xcassets */; };
		0F2969E3298164B4008EFB5D /* Preview Assets.xcassets in Resources */ = {isa = PBXBuildFile; fileRef = 0F2969E2298164B4008EFB5D /* Preview Assets.xcassets */; };
		0F81628A29929F4200C63F15 /* Profile.swift in Sources */ = {isa = PBXBuildFile; fileRef = 0F81628929929F4200C63F15 /* Profile.swift */; };
		0FFD39482995395100C510A5 /* MessageView.swift in Sources */ = {isa = PBXBuildFile; fileRef = 0FFD39472995395100C510A5 /* MessageView.swift */; };
		0FFD394E29968AC600C510A5 /* ColumnView.swift in Sources */ = {isa = PBXBuildFile; fileRef = 0FFD394D29968AC600C510A5 /* ColumnView.swift */; };
		0FFD3950299A874200C510A5 /* Tabs.swift in Sources */ = {isa = PBXBuildFile; fileRef = 0FFD394F299A874200C510A5 /* Tabs.swift */; };
		0FFD3952299A95CB00C510A5 /* ButtonView.swift in Sources */ = {isa = PBXBuildFile; fileRef = 0FFD3951299A95CB00C510A5 /* ButtonView.swift */; };
		0FFD395A299D402E00C510A5 /* KeyboardViewController.swift in Sources */ = {isa = PBXBuildFile; fileRef = 0FFD3959299D402E00C510A5 /* KeyboardViewController.swift */; };
		0FFD395E299D402E00C510A5 /* keyboard.appex in Embed Foundation Extensions */ = {isa = PBXBuildFile; fileRef = 0FFD3957299D402E00C510A5 /* keyboard.appex */; settings = {ATTRIBUTES = (RemoveHeadersOnCopy, ); }; };
		C7F54BBA2993F8F000FCD2D9 /* chatView.swift in Sources */ = {isa = PBXBuildFile; fileRef = C7F54BB92993F8F000FCD2D9 /* chatView.swift */; };
/* End PBXBuildFile section */

/* Begin PBXContainerItemProxy section */
		0FFD395C299D402E00C510A5 /* PBXContainerItemProxy */ = {
			isa = PBXContainerItemProxy;
			containerPortal = 0F2969D0298164B3008EFB5D /* Project object */;
			proxyType = 1;
			remoteGlobalIDString = 0FFD3956299D402E00C510A5;
			remoteInfo = keyboard;
		};
/* End PBXContainerItemProxy section */

/* Begin PBXCopyFilesBuildPhase section */
		0FFD3962299D402E00C510A5 /* Embed Foundation Extensions */ = {
			isa = PBXCopyFilesBuildPhase;
			buildActionMask = 2147483647;
			dstPath = "";
			dstSubfolderSpec = 13;
			files = (
				0FFD395E299D402E00C510A5 /* keyboard.appex in Embed Foundation Extensions */,
			);
			name = "Embed Foundation Extensions";
			runOnlyForDeploymentPostprocessing = 0;
		};
/* End PBXCopyFilesBuildPhase section */

/* Begin PBXFileReference section */
		0F2969D8298164B3008EFB5D /* Anti-Social Business Club.app */ = {isa = PBXFileReference; explicitFileType = wrapper.application; includeInIndex = 0; path = "Anti-Social Business Club.app"; sourceTree = BUILT_PRODUCTS_DIR; };
		0F2969DB298164B3008EFB5D /* Anti_Social_Business_ClubApp.swift */ = {isa = PBXFileReference; lastKnownFileType = sourcecode.swift; path = Anti_Social_Business_ClubApp.swift; sourceTree = "<group>"; };
		0F2969DD298164B3008EFB5D /* ContentView.swift */ = {isa = PBXFileReference; lastKnownFileType = sourcecode.swift; path = ContentView.swift; sourceTree = "<group>"; };
		0F2969DF298164B4008EFB5D /* Assets.xcassets */ = {isa = PBXFileReference; lastKnownFileType = folder.assetcatalog; path = Assets.xcassets; sourceTree = "<group>"; };
		0F2969E2298164B4008EFB5D /* Preview Assets.xcassets */ = {isa = PBXFileReference; lastKnownFileType = folder.assetcatalog; path = "Preview Assets.xcassets"; sourceTree = "<group>"; };
		0F2969F1298820A5008EFB5D /* Anti-Social-Business-Club-Info.plist */ = {isa = PBXFileReference; lastKnownFileType = text.plist; path = "Anti-Social-Business-Club-Info.plist"; sourceTree = SOURCE_ROOT; };
		0F81628929929F4200C63F15 /* Profile.swift */ = {isa = PBXFileReference; lastKnownFileType = sourcecode.swift; path = Profile.swift; sourceTree = "<group>"; };
		0FFD39472995395100C510A5 /* MessageView.swift */ = {isa = PBXFileReference; lastKnownFileType = sourcecode.swift; path = MessageView.swift; sourceTree = "<group>"; };
		0FFD394D29968AC600C510A5 /* ColumnView.swift */ = {isa = PBXFileReference; lastKnownFileType = sourcecode.swift; path = ColumnView.swift; sourceTree = "<group>"; };
		0FFD394F299A874200C510A5 /* Tabs.swift */ = {isa = PBXFileReference; lastKnownFileType = sourcecode.swift; path = Tabs.swift; sourceTree = "<group>"; };
		0FFD3951299A95CB00C510A5 /* ButtonView.swift */ = {isa = PBXFileReference; lastKnownFileType = sourcecode.swift; path = ButtonView.swift; sourceTree = "<group>"; };
		0FFD3957299D402E00C510A5 /* keyboard.appex */ = {isa = PBXFileReference; explicitFileType = "wrapper.app-extension"; includeInIndex = 0; path = keyboard.appex; sourceTree = BUILT_PRODUCTS_DIR; };
		0FFD3959299D402E00C510A5 /* KeyboardViewController.swift */ = {isa = PBXFileReference; lastKnownFileType = sourcecode.swift; path = KeyboardViewController.swift; sourceTree = "<group>"; };
		0FFD395B299D402E00C510A5 /* Info.plist */ = {isa = PBXFileReference; lastKnownFileType = text.plist.xml; path = Info.plist; sourceTree = "<group>"; };
		C7F54BB92993F8F000FCD2D9 /* chatView.swift */ = {isa = PBXFileReference; lastKnownFileType = sourcecode.swift; path = chatView.swift; sourceTree = "<group>"; };
/* End PBXFileReference section */

/* Begin PBXFrameworksBuildPhase section */
		0F2969D5298164B3008EFB5D /* Frameworks */ = {
			isa = PBXFrameworksBuildPhase;
			buildActionMask = 2147483647;
			files = (
			);
			runOnlyForDeploymentPostprocessing = 0;
		};
		0FFD3954299D402E00C510A5 /* Frameworks */ = {
			isa = PBXFrameworksBuildPhase;
			buildActionMask = 2147483647;
			files = (
			);
			runOnlyForDeploymentPostprocessing = 0;
		};
/* End PBXFrameworksBuildPhase section */

/* Begin PBXGroup section */
		0F2969CF298164B3008EFB5D = {
			isa = PBXGroup;
			children = (
				0F2969DA298164B3008EFB5D /* Anti-Social Business Club */,
				0FFD3958299D402E00C510A5 /* keyboard */,
				0F2969D9298164B3008EFB5D /* Products */,
			);
			sourceTree = "<group>";
		};
		0F2969D9298164B3008EFB5D /* Products */ = {
			isa = PBXGroup;
			children = (
				0F2969D8298164B3008EFB5D /* Anti-Social Business Club.app */,
				0FFD3957299D402E00C510A5 /* keyboard.appex */,
			);
			name = Products;
			sourceTree = "<group>";
		};
		0F2969DA298164B3008EFB5D /* Anti-Social Business Club */ = {
			isa = PBXGroup;
			children = (
				0F2969F1298820A5008EFB5D /* Anti-Social-Business-Club-Info.plist */,
				0F2969DB298164B3008EFB5D /* Anti_Social_Business_ClubApp.swift */,
				0F2969DD298164B3008EFB5D /* ContentView.swift */,
				0FFD3951299A95CB00C510A5 /* ButtonView.swift */,
				0FFD394F299A874200C510A5 /* Tabs.swift */,
				0FFD394D29968AC600C510A5 /* ColumnView.swift */,
				0FFD39472995395100C510A5 /* MessageView.swift */,
				C7F54BB92993F8F000FCD2D9 /* chatView.swift */,
				0F81628929929F4200C63F15 /* Profile.swift */,
				0F2969DF298164B4008EFB5D /* Assets.xcassets */,
				0F2969E1298164B4008EFB5D /* Preview Content */,
			);
			path = "Anti-Social Business Club";
			sourceTree = "<group>";
		};
		0F2969E1298164B4008EFB5D /* Preview Content */ = {
			isa = PBXGroup;
			children = (
				0F2969E2298164B4008EFB5D /* Preview Assets.xcassets */,
			);
			path = "Preview Content";
			sourceTree = "<group>";
		};
		0FFD3958299D402E00C510A5 /* keyboard */ = {
			isa = PBXGroup;
			children = (
				0FFD3959299D402E00C510A5 /* KeyboardViewController.swift */,
				0FFD395B299D402E00C510A5 /* Info.plist */,
			);
			path = keyboard;
			sourceTree = "<group>";
		};
/* End PBXGroup section */

/* Begin PBXNativeTarget section */
		0F2969D7298164B3008EFB5D /* Anti-Social Business Club */ = {
			isa = PBXNativeTarget;
			buildConfigurationList = 0F2969E6298164B4008EFB5D /* Build configuration list for PBXNativeTarget "Anti-Social Business Club" */;
			buildPhases = (
				0F2969D4298164B3008EFB5D /* Sources */,
				0F2969D5298164B3008EFB5D /* Frameworks */,
				0F2969D6298164B3008EFB5D /* Resources */,
				0FFD3962299D402E00C510A5 /* Embed Foundation Extensions */,
			);
			buildRules = (
			);
			dependencies = (
				0FFD395D299D402E00C510A5 /* PBXTargetDependency */,
			);
			name = "Anti-Social Business Club";
			productName = "Anti-Social Business Club";
			productReference = 0F2969D8298164B3008EFB5D /* Anti-Social Business Club.app */;
			productType = "com.apple.product-type.application";
		};
		0FFD3956299D402E00C510A5 /* keyboard */ = {
			isa = PBXNativeTarget;
			buildConfigurationList = 0FFD395F299D402E00C510A5 /* Build configuration list for PBXNativeTarget "keyboard" */;
			buildPhases = (
				0FFD3953299D402E00C510A5 /* Sources */,
				0FFD3954299D402E00C510A5 /* Frameworks */,
				0FFD3955299D402E00C510A5 /* Resources */,
			);
			buildRules = (
			);
			dependencies = (
			);
			name = keyboard;
			productName = keyboard;
			productReference = 0FFD3957299D402E00C510A5 /* keyboard.appex */;
			productType = "com.apple.product-type.app-extension";
		};
/* End PBXNativeTarget section */

/* Begin PBXProject section */
		0F2969D0298164B3008EFB5D /* Project object */ = {
			isa = PBXProject;
			attributes = {
				BuildIndependentTargetsInParallel = 1;
				LastSwiftUpdateCheck = 1420;
				LastUpgradeCheck = 1420;
				TargetAttributes = {
					0F2969D7298164B3008EFB5D = {
						CreatedOnToolsVersion = 14.2;
					};
					0FFD3956299D402E00C510A5 = {
						CreatedOnToolsVersion = 14.2;
					};
				};
			};
			buildConfigurationList = 0F2969D3298164B3008EFB5D /* Build configuration list for PBXProject "Anti-Social Business Club" */;
			compatibilityVersion = "Xcode 14.0";
			developmentRegion = en;
			hasScannedForEncodings = 0;
			knownRegions = (
				en,
				Base,
			);
			mainGroup = 0F2969CF298164B3008EFB5D;
			productRefGroup = 0F2969D9298164B3008EFB5D /* Products */;
			projectDirPath = "";
			projectRoot = "";
			targets = (
				0F2969D7298164B3008EFB5D /* Anti-Social Business Club */,
				0FFD3956299D402E00C510A5 /* keyboard */,
			);
		};
/* End PBXProject section */

/* Begin PBXResourcesBuildPhase section */
		0F2969D6298164B3008EFB5D /* Resources */ = {
			isa = PBXResourcesBuildPhase;
			buildActionMask = 2147483647;
			files = (
				0F2969E3298164B4008EFB5D /* Preview Assets.xcassets in Resources */,
				0F2969E0298164B4008EFB5D /* Assets.xcassets in Resources */,
			);
			runOnlyForDeploymentPostprocessing = 0;
		};
		0FFD3955299D402E00C510A5 /* Resources */ = {
			isa = PBXResourcesBuildPhase;
			buildActionMask = 2147483647;
			files = (
			);
			runOnlyForDeploymentPostprocessing = 0;
		};
/* End PBXResourcesBuildPhase section */

/* Begin PBXSourcesBuildPhase section */
		0F2969D4298164B3008EFB5D /* Sources */ = {
			isa = PBXSourcesBuildPhase;
			buildActionMask = 2147483647;
			files = (
				0FFD39482995395100C510A5 /* MessageView.swift in Sources */,
				C7F54BBA2993F8F000FCD2D9 /* chatView.swift in Sources */,
				0F2969DE298164B3008EFB5D /* ContentView.swift in Sources */,
				0FFD394E29968AC600C510A5 /* ColumnView.swift in Sources */,
				0F81628A29929F4200C63F15 /* Profile.swift in Sources */,
				0F2969DC298164B3008EFB5D /* Anti_Social_Business_ClubApp.swift in Sources */,
				0FFD3950299A874200C510A5 /* Tabs.swift in Sources */,
				0FFD3952299A95CB00C510A5 /* ButtonView.swift in Sources */,
			);
			runOnlyForDeploymentPostprocessing = 0;
		};
		0FFD3953299D402E00C510A5 /* Sources */ = {
			isa = PBXSourcesBuildPhase;
			buildActionMask = 2147483647;
			files = (
				0FFD395A299D402E00C510A5 /* KeyboardViewController.swift in Sources */,
			);
			runOnlyForDeploymentPostprocessing = 0;
		};
/* End PBXSourcesBuildPhase section */

/* Begin PBXTargetDependency section */
		0FFD395D299D402E00C510A5 /* PBXTargetDependency */ = {
			isa = PBXTargetDependency;
			target = 0FFD3956299D402E00C510A5 /* keyboard */;
			targetProxy = 0FFD395C299D402E00C510A5 /* PBXContainerItemProxy */;
		};
/* End PBXTargetDependency section */

/* Begin XCBuildConfiguration section */
		0F2969E4298164B4008EFB5D /* Debug */ = {
			isa = XCBuildConfiguration;
			buildSettings = {
				ALWAYS_SEARCH_USER_PATHS = NO;
				CLANG_ANALYZER_NONNULL = YES;
				CLANG_ANALYZER_NUMBER_OBJECT_CONVERSION = YES_AGGRESSIVE;
				CLANG_CXX_LANGUAGE_STANDARD = "gnu++20";
				CLANG_ENABLE_MODULES = YES;
				CLANG_ENABLE_OBJC_ARC = YES;
				CLANG_ENABLE_OBJC_WEAK = YES;
				CLANG_WARN_BLOCK_CAPTURE_AUTORELEASING = YES;
				CLANG_WARN_BOOL_CONVERSION = YES;
				CLANG_WARN_COMMA = YES;
				CLANG_WARN_CONSTANT_CONVERSION = YES;
				CLANG_WARN_DEPRECATED_OBJC_IMPLEMENTATIONS = YES;
				CLANG_WARN_DIRECT_OBJC_ISA_USAGE = YES_ERROR;
				CLANG_WARN_DOCUMENTATION_COMMENTS = YES;
				CLANG_WARN_EMPTY_BODY = YES;
				CLANG_WARN_ENUM_CONVERSION = YES;
				CLANG_WARN_INFINITE_RECURSION = YES;
				CLANG_WARN_INT_CONVERSION = YES;
				CLANG_WARN_NON_LITERAL_NULL_CONVERSION = YES;
				CLANG_WARN_OBJC_IMPLICIT_RETAIN_SELF = YES;
				CLANG_WARN_OBJC_LITERAL_CONVERSION = YES;
				CLANG_WARN_OBJC_ROOT_CLASS = YES_ERROR;
				CLANG_WARN_QUOTED_INCLUDE_IN_FRAMEWORK_HEADER = YES;
				CLANG_WARN_RANGE_LOOP_ANALYSIS = YES;
				CLANG_WARN_STRICT_PROTOTYPES = YES;
				CLANG_WARN_SUSPICIOUS_MOVE = YES;
				CLANG_WARN_UNGUARDED_AVAILABILITY = YES_AGGRESSIVE;
				CLANG_WARN_UNREACHABLE_CODE = YES;
				CLANG_WARN__DUPLICATE_METHOD_MATCH = YES;
				COPY_PHASE_STRIP = NO;
				DEBUG_INFORMATION_FORMAT = dwarf;
				ENABLE_STRICT_OBJC_MSGSEND = YES;
				ENABLE_TESTABILITY = YES;
				GCC_C_LANGUAGE_STANDARD = gnu11;
				GCC_DYNAMIC_NO_PIC = NO;
				GCC_NO_COMMON_BLOCKS = YES;
				GCC_OPTIMIZATION_LEVEL = 0;
				GCC_PREPROCESSOR_DEFINITIONS = (
					"DEBUG=1",
					"$(inherited)",
				);
				GCC_WARN_64_TO_32_BIT_CONVERSION = YES;
				GCC_WARN_ABOUT_RETURN_TYPE = YES_ERROR;
				GCC_WARN_UNDECLARED_SELECTOR = YES;
				GCC_WARN_UNINITIALIZED_AUTOS = YES_AGGRESSIVE;
				GCC_WARN_UNUSED_FUNCTION = YES;
				GCC_WARN_UNUSED_VARIABLE = YES;
				IPHONEOS_DEPLOYMENT_TARGET = 16.2;
				MTL_ENABLE_DEBUG_INFO = INCLUDE_SOURCE;
				MTL_FAST_MATH = YES;
				ONLY_ACTIVE_ARCH = YES;
				SDKROOT = iphoneos;
				SWIFT_ACTIVE_COMPILATION_CONDITIONS = DEBUG;
				SWIFT_OPTIMIZATION_LEVEL = "-Onone";
			};
			name = Debug;
		};
		0F2969E5298164B4008EFB5D /* Release */ = {
			isa = XCBuildConfiguration;
			buildSettings = {
				ALWAYS_SEARCH_USER_PATHS = NO;
				CLANG_ANALYZER_NONNULL = YES;
				CLANG_ANALYZER_NUMBER_OBJECT_CONVERSION = YES_AGGRESSIVE;
				CLANG_CXX_LANGUAGE_STANDARD = "gnu++20";
				CLANG_ENABLE_MODULES = YES;
				CLANG_ENABLE_OBJC_ARC = YES;
				CLANG_ENABLE_OBJC_WEAK = YES;
				CLANG_WARN_BLOCK_CAPTURE_AUTORELEASING = YES;
				CLANG_WARN_BOOL_CONVERSION = YES;
				CLANG_WARN_COMMA = YES;
				CLANG_WARN_CONSTANT_CONVERSION = YES;
				CLANG_WARN_DEPRECATED_OBJC_IMPLEMENTATIONS = YES;
				CLANG_WARN_DIRECT_OBJC_ISA_USAGE = YES_ERROR;
				CLANG_WARN_DOCUMENTATION_COMMENTS = YES;
				CLANG_WARN_EMPTY_BODY = YES;
				CLANG_WARN_ENUM_CONVERSION = YES;
				CLANG_WARN_INFINITE_RECURSION = YES;
				CLANG_WARN_INT_CONVERSION = YES;
				CLANG_WARN_NON_LITERAL_NULL_CONVERSION = YES;
				CLANG_WARN_OBJC_IMPLICIT_RETAIN_SELF = YES;
				CLANG_WARN_OBJC_LITERAL_CONVERSION = YES;
				CLANG_WARN_OBJC_ROOT_CLASS = YES_ERROR;
				CLANG_WARN_QUOTED_INCLUDE_IN_FRAMEWORK_HEADER = YES;
				CLANG_WARN_RANGE_LOOP_ANALYSIS = YES;
				CLANG_WARN_STRICT_PROTOTYPES = YES;
				CLANG_WARN_SUSPICIOUS_MOVE = YES;
				CLANG_WARN_UNGUARDED_AVAILABILITY = YES_AGGRESSIVE;
				CLANG_WARN_UNREACHABLE_CODE = YES;
				CLANG_WARN__DUPLICATE_METHOD_MATCH = YES;
				COPY_PHASE_STRIP = NO;
				DEBUG_INFORMATION_FORMAT = "dwarf-with-dsym";
				ENABLE_NS_ASSERTIONS = NO;
				ENABLE_STRICT_OBJC_MSGSEND = YES;
				GCC_C_LANGUAGE_STANDARD = gnu11;
				GCC_NO_COMMON_BLOCKS = YES;
				GCC_WARN_64_TO_32_BIT_CONVERSION = YES;
				GCC_WARN_ABOUT_RETURN_TYPE = YES_ERROR;
				GCC_WARN_UNDECLARED_SELECTOR = YES;
				GCC_WARN_UNINITIALIZED_AUTOS = YES_AGGRESSIVE;
				GCC_WARN_UNUSED_FUNCTION = YES;
				GCC_WARN_UNUSED_VARIABLE = YES;
				IPHONEOS_DEPLOYMENT_TARGET = 16.2;
				MTL_ENABLE_DEBUG_INFO = NO;
				MTL_FAST_MATH = YES;
				SDKROOT = iphoneos;
				SWIFT_COMPILATION_MODE = wholemodule;
				SWIFT_OPTIMIZATION_LEVEL = "-O";
				VALIDATE_PRODUCT = YES;
			};
			name = Release;
		};
		0F2969E7298164B4008EFB5D /* Debug */ = {
			isa = XCBuildConfiguration;
			buildSettings = {
				ALWAYS_EMBED_SWIFT_STANDARD_LIBRARIES = YES;
				ASSETCATALOG_COMPILER_APPICON_NAME = AppIcon;
				ASSETCATALOG_COMPILER_GLOBAL_ACCENT_COLOR_NAME = AccentColor;
				CODE_SIGN_STYLE = Automatic;
				CURRENT_PROJECT_VERSION = 1;
				DEVELOPMENT_ASSET_PATHS = "\"Anti-Social Business Club/Preview Content\"";
				ENABLE_PREVIEWS = YES;
				GENERATE_INFOPLIST_FILE = YES;
				INFOPLIST_FILE = "Anti-Social-Business-Club-Info.plist";
				INFOPLIST_KEY_UIApplicationSceneManifest_Generation = YES;
				INFOPLIST_KEY_UIApplicationSupportsIndirectInputEvents = YES;
				INFOPLIST_KEY_UILaunchStoryboardName = "Launch Screen.storyboard";
				INFOPLIST_KEY_UISupportedInterfaceOrientations_iPad = "UIInterfaceOrientationPortrait UIInterfaceOrientationPortraitUpsideDown UIInterfaceOrientationLandscapeLeft UIInterfaceOrientationLandscapeRight";
				INFOPLIST_KEY_UISupportedInterfaceOrientations_iPhone = "UIInterfaceOrientationPortrait UIInterfaceOrientationLandscapeLeft UIInterfaceOrientationLandscapeRight";
				LD_RUNPATH_SEARCH_PATHS = (
					"$(inherited)",
					"@executable_path/Frameworks",
				);
				MARKETING_VERSION = 1.0;
				PRODUCT_BUNDLE_IDENTIFIER = "Project.Anti-Social-Business-Club";
				PRODUCT_NAME = "$(TARGET_NAME)";
				SWIFT_EMIT_LOC_STRINGS = YES;
				SWIFT_VERSION = 5.0;
				TARGETED_DEVICE_FAMILY = "1,2";
			};
			name = Debug;
		};
		0F2969E8298164B4008EFB5D /* Release */ = {
			isa = XCBuildConfiguration;
			buildSettings = {
				ALWAYS_EMBED_SWIFT_STANDARD_LIBRARIES = YES;
				ASSETCATALOG_COMPILER_APPICON_NAME = AppIcon;
				ASSETCATALOG_COMPILER_GLOBAL_ACCENT_COLOR_NAME = AccentColor;
				CODE_SIGN_STYLE = Automatic;
				CURRENT_PROJECT_VERSION = 1;
				DEVELOPMENT_ASSET_PATHS = "\"Anti-Social Business Club/Preview Content\"";
				ENABLE_PREVIEWS = YES;
				GENERATE_INFOPLIST_FILE = YES;
				INFOPLIST_FILE = "Anti-Social-Business-Club-Info.plist";
				INFOPLIST_KEY_UIApplicationSceneManifest_Generation = YES;
				INFOPLIST_KEY_UIApplicationSupportsIndirectInputEvents = YES;
				INFOPLIST_KEY_UILaunchStoryboardName = "Launch Screen.storyboard";
				INFOPLIST_KEY_UISupportedInterfaceOrientations_iPad = "UIInterfaceOrientationPortrait UIInterfaceOrientationPortraitUpsideDown UIInterfaceOrientationLandscapeLeft UIInterfaceOrientationLandscapeRight";
				INFOPLIST_KEY_UISupportedInterfaceOrientations_iPhone = "UIInterfaceOrientationPortrait UIInterfaceOrientationLandscapeLeft UIInterfaceOrientationLandscapeRight";
				LD_RUNPATH_SEARCH_PATHS = (
					"$(inherited)",
					"@executable_path/Frameworks",
				);
				MARKETING_VERSION = 1.0;
				PRODUCT_BUNDLE_IDENTIFIER = "Project.Anti-Social-Business-Club";
				PRODUCT_NAME = "$(TARGET_NAME)";
				SWIFT_EMIT_LOC_STRINGS = YES;
				SWIFT_VERSION = 5.0;
				TARGETED_DEVICE_FAMILY = "1,2";
			};
			name = Release;
		};
		0FFD3960299D402E00C510A5 /* Debug */ = {
			isa = XCBuildConfiguration;
			buildSettings = {
				CODE_SIGN_STYLE = Automatic;
				CURRENT_PROJECT_VERSION = 1;
				GENERATE_INFOPLIST_FILE = YES;
				INFOPLIST_FILE = keyboard/Info.plist;
				INFOPLIST_KEY_CFBundleDisplayName = keyboard;
				INFOPLIST_KEY_NSHumanReadableCopyright = "";
				LD_RUNPATH_SEARCH_PATHS = (
					"$(inherited)",
					"@executable_path/Frameworks",
					"@executable_path/../../Frameworks",
				);
				MARKETING_VERSION = 1.0;
				PRODUCT_BUNDLE_IDENTIFIER = "Project.Anti-Social-Business-Club.keyboard";
				PRODUCT_NAME = "$(TARGET_NAME)";
				SKIP_INSTALL = YES;
				SWIFT_EMIT_LOC_STRINGS = YES;
				SWIFT_VERSION = 5.0;
				TARGETED_DEVICE_FAMILY = "1,2";
			};
			name = Debug;
		};
		0FFD3961299D402E00C510A5 /* Release */ = {
			isa = XCBuildConfiguration;
			buildSettings = {
				CODE_SIGN_STYLE = Automatic;
				CURRENT_PROJECT_VERSION = 1;
				GENERATE_INFOPLIST_FILE = YES;
				INFOPLIST_FILE = keyboard/Info.plist;
				INFOPLIST_KEY_CFBundleDisplayName = keyboard;
				INFOPLIST_KEY_NSHumanReadableCopyright = "";
				LD_RUNPATH_SEARCH_PATHS = (
					"$(inherited)",
					"@executable_path/Frameworks",
					"@executable_path/../../Frameworks",
				);
				MARKETING_VERSION = 1.0;
				PRODUCT_BUNDLE_IDENTIFIER = "Project.Anti-Social-Business-Club.keyboard";
				PRODUCT_NAME = "$(TARGET_NAME)";
				SKIP_INSTALL = YES;
				SWIFT_EMIT_LOC_STRINGS = YES;
				SWIFT_VERSION = 5.0;
				TARGETED_DEVICE_FAMILY = "1,2";
			};
			name = Release;
		};
/* End XCBuildConfiguration section */

/* Begin XCConfigurationList section */
		0F2969D3298164B3008EFB5D /* Build configuration list for PBXProject "Anti-Social Business Club" */ = {
			isa = XCConfigurationList;
			buildConfigurations = (
				0F2969E4298164B4008EFB5D /* Debug */,
				0F2969E5298164B4008EFB5D /* Release */,
			);
			defaultConfigurationIsVisible = 0;
			defaultConfigurationName = Release;
		};
		0F2969E6298164B4008EFB5D /* Build configuration list for PBXNativeTarget "Anti-Social Business Club" */ = {
			isa = XCConfigurationList;
			buildConfigurations = (
				0F2969E7298164B4008EFB5D /* Debug */,
				0F2969E8298164B4008EFB5D /* Release */,
			);
			defaultConfigurationIsVisible = 0;
			defaultConfigurationName = Release;
		};
		0FFD395F299D402E00C510A5 /* Build configuration list for PBXNativeTarget "keyboard" */ = {
			isa = XCConfigurationList;
			buildConfigurations = (
				0FFD3960299D402E00C510A5 /* Debug */,
				0FFD3961299D402E00C510A5 /* Release */,
			);
			defaultConfigurationIsVisible = 0;
			defaultConfigurationName = Release;
		};
/* End XCConfigurationList section */
	};
	rootObject = 0F2969D0298164B3008EFB5D /* Project object */;
}
